// !$*UTF8*$!
{
	archiveVersion = 1;
	classes = {
	};
	objectVersion = 48;
	objects = {

/* Begin PBXBuildFile section */
		2EE4E1011518727D370D83D0 /* Pods_SuchAsync.framework in Frameworks */ = {isa = PBXBuildFile; fileRef = 5809913904F2AFFD214E11AE /* Pods_SuchAsync.framework */; };
		9F80AE5A203C4A62001A0D0D /* AppDelegate.swift in Sources */ = {isa = PBXBuildFile; fileRef = 9F80AE59203C4A62001A0D0D /* AppDelegate.swift */; };
		9F80AE5C203C4A62001A0D0D /* ViewController.swift in Sources */ = {isa = PBXBuildFile; fileRef = 9F80AE5B203C4A62001A0D0D /* ViewController.swift */; };
		9F80AE61203C4A62001A0D0D /* Assets.xcassets in Resources */ = {isa = PBXBuildFile; fileRef = 9F80AE60203C4A62001A0D0D /* Assets.xcassets */; };
		9F80AE64203C4A62001A0D0D /* LaunchScreen.storyboard in Resources */ = {isa = PBXBuildFile; fileRef = 9F80AE62203C4A62001A0D0D /* LaunchScreen.storyboard */; };
		9F80AE6C203C4CAB001A0D0D /* ViewControllerNode.swift in Sources */ = {isa = PBXBuildFile; fileRef = 9F80AE6B203C4CAB001A0D0D /* ViewControllerNode.swift */; };
		9F80AE6E203C4D6F001A0D0D /* ButtonBarNode.swift in Sources */ = {isa = PBXBuildFile; fileRef = 9F80AE6D203C4D6F001A0D0D /* ButtonBarNode.swift */; };
		9F80AE77203C59B9001A0D0D /* Help.swift in Sources */ = {isa = PBXBuildFile; fileRef = 9F80AE76203C59B9001A0D0D /* Help.swift */; };
		9F80AE7C203C5F87001A0D0D /* AnimationVC.swift in Sources */ = {isa = PBXBuildFile; fileRef = 9F80AE7B203C5F87001A0D0D /* AnimationVC.swift */; };
		9F80AE7E203C5FA1001A0D0D /* AnimationNode.swift in Sources */ = {isa = PBXBuildFile; fileRef = 9F80AE7D203C5FA1001A0D0D /* AnimationNode.swift */; };
		9FF63435203D5A59005FBCC3 /* FormNode.swift in Sources */ = {isa = PBXBuildFile; fileRef = 9FF63434203D5A59005FBCC3 /* FormNode.swift */; };
/* End PBXBuildFile section */

/* Begin PBXFileReference section */
		5809913904F2AFFD214E11AE /* Pods_SuchAsync.framework */ = {isa = PBXFileReference; explicitFileType = wrapper.framework; includeInIndex = 0; path = Pods_SuchAsync.framework; sourceTree = BUILT_PRODUCTS_DIR; };
		809A2F1D42C3D141456E239E /* Pods-SuchAsync.debug.xcconfig */ = {isa = PBXFileReference; includeInIndex = 1; lastKnownFileType = text.xcconfig; name = "Pods-SuchAsync.debug.xcconfig"; path = "Pods/Target Support Files/Pods-SuchAsync/Pods-SuchAsync.debug.xcconfig"; sourceTree = "<group>"; };
		9091EEDE5A19F04C4A5084C5 /* Pods-SuchAsync.release.xcconfig */ = {isa = PBXFileReference; includeInIndex = 1; lastKnownFileType = text.xcconfig; name = "Pods-SuchAsync.release.xcconfig"; path = "Pods/Target Support Files/Pods-SuchAsync/Pods-SuchAsync.release.xcconfig"; sourceTree = "<group>"; };
		9F80AE56203C4A62001A0D0D /* SuchAsync.app */ = {isa = PBXFileReference; explicitFileType = wrapper.application; includeInIndex = 0; path = SuchAsync.app; sourceTree = BUILT_PRODUCTS_DIR; };
		9F80AE59203C4A62001A0D0D /* AppDelegate.swift */ = {isa = PBXFileReference; lastKnownFileType = sourcecode.swift; path = AppDelegate.swift; sourceTree = "<group>"; };
		9F80AE5B203C4A62001A0D0D /* ViewController.swift */ = {isa = PBXFileReference; lastKnownFileType = sourcecode.swift; path = ViewController.swift; sourceTree = "<group>"; };
		9F80AE60203C4A62001A0D0D /* Assets.xcassets */ = {isa = PBXFileReference; lastKnownFileType = folder.assetcatalog; path = Assets.xcassets; sourceTree = "<group>"; };
		9F80AE63203C4A62001A0D0D /* Base */ = {isa = PBXFileReference; lastKnownFileType = file.storyboard; name = Base; path = Base.lproj/LaunchScreen.storyboard; sourceTree = "<group>"; };
		9F80AE65203C4A62001A0D0D /* Info.plist */ = {isa = PBXFileReference; lastKnownFileType = text.plist.xml; path = Info.plist; sourceTree = "<group>"; };
		9F80AE6B203C4CAB001A0D0D /* ViewControllerNode.swift */ = {isa = PBXFileReference; lastKnownFileType = sourcecode.swift; path = ViewControllerNode.swift; sourceTree = "<group>"; };
		9F80AE6D203C4D6F001A0D0D /* ButtonBarNode.swift */ = {isa = PBXFileReference; fileEncoding = 4; lastKnownFileType = sourcecode.swift; path = ButtonBarNode.swift; sourceTree = "<group>"; };
		9F80AE76203C59B9001A0D0D /* Help.swift */ = {isa = PBXFileReference; lastKnownFileType = sourcecode.swift; path = Help.swift; sourceTree = "<group>"; };
		9F80AE7B203C5F87001A0D0D /* AnimationVC.swift */ = {isa = PBXFileReference; lastKnownFileType = sourcecode.swift; path = AnimationVC.swift; sourceTree = "<group>"; };
		9F80AE7D203C5FA1001A0D0D /* AnimationNode.swift */ = {isa = PBXFileReference; lastKnownFileType = sourcecode.swift; path = AnimationNode.swift; sourceTree = "<group>"; };
		9FF63434203D5A59005FBCC3 /* FormNode.swift */ = {isa = PBXFileReference; lastKnownFileType = sourcecode.swift; path = FormNode.swift; sourceTree = "<group>"; };
/* End PBXFileReference section */

/* Begin PBXFrameworksBuildPhase section */
		9F80AE53203C4A62001A0D0D /* Frameworks */ = {
			isa = PBXFrameworksBuildPhase;
			buildActionMask = 2147483647;
			files = (
				2EE4E1011518727D370D83D0 /* Pods_SuchAsync.framework in Frameworks */,
			);
			runOnlyForDeploymentPostprocessing = 0;
		};
/* End PBXFrameworksBuildPhase section */

/* Begin PBXGroup section */
		46B89B526DB3363F232CD471 /* Pods */ = {
			isa = PBXGroup;
			children = (
				809A2F1D42C3D141456E239E /* Pods-SuchAsync.debug.xcconfig */,
				9091EEDE5A19F04C4A5084C5 /* Pods-SuchAsync.release.xcconfig */,
			);
			name = Pods;
			sourceTree = "<group>";
		};
		9F80AE4D203C4A62001A0D0D = {
			isa = PBXGroup;
			children = (
				9F80AE58203C4A62001A0D0D /* SuchAsync */,
				9F80AE57203C4A62001A0D0D /* Products */,
				46B89B526DB3363F232CD471 /* Pods */,
				BF5DA4D8AAE79D1C03FC9555 /* Frameworks */,
			);
			sourceTree = "<group>";
		};
		9F80AE57203C4A62001A0D0D /* Products */ = {
			isa = PBXGroup;
			children = (
				9F80AE56203C4A62001A0D0D /* SuchAsync.app */,
			);
			name = Products;
			sourceTree = "<group>";
		};
		9F80AE58203C4A62001A0D0D /* SuchAsync */ = {
			isa = PBXGroup;
			children = (
				9F80AE59203C4A62001A0D0D /* AppDelegate.swift */,
				9F80AE75203C59AC001A0D0D /* HelperExtensions */,
				9F80AE78203C5F39001A0D0D /* Main */,
				9F80AE7A203C5F53001A0D0D /* Animation */,
				9F80AE60203C4A62001A0D0D /* Assets.xcassets */,
				9F80AE62203C4A62001A0D0D /* LaunchScreen.storyboard */,
				9F80AE65203C4A62001A0D0D /* Info.plist */,
			);
			path = SuchAsync;
			sourceTree = "<group>";
		};
		9F80AE75203C59AC001A0D0D /* HelperExtensions */ = {
			isa = PBXGroup;
			children = (
				9F80AE76203C59B9001A0D0D /* Help.swift */,
			);
			path = HelperExtensions;
			sourceTree = "<group>";
		};
		9F80AE78203C5F39001A0D0D /* Main */ = {
			isa = PBXGroup;
			children = (
				9F80AE79203C5F4A001A0D0D /* Subnode */,
				9F80AE5B203C4A62001A0D0D /* ViewController.swift */,
				9F80AE6B203C4CAB001A0D0D /* ViewControllerNode.swift */,
			);
			path = Main;
			sourceTree = "<group>";
		};
		9F80AE79203C5F4A001A0D0D /* Subnode */ = {
			isa = PBXGroup;
			children = (
				9F80AE6D203C4D6F001A0D0D /* ButtonBarNode.swift */,
			);
			path = Subnode;
			sourceTree = "<group>";
		};
		9F80AE7A203C5F53001A0D0D /* Animation */ = {
			isa = PBXGroup;
			children = (
				9FF63433203D5A38005FBCC3 /* Subnodes */,
				9F80AE7B203C5F87001A0D0D /* AnimationVC.swift */,
				9F80AE7D203C5FA1001A0D0D /* AnimationNode.swift */,
			);
			path = Animation;
			sourceTree = "<group>";
		};
		9FF63433203D5A38005FBCC3 /* Subnodes */ = {
			isa = PBXGroup;
			children = (
				9FF63434203D5A59005FBCC3 /* FormNode.swift */,
			);
			path = Subnodes;
			sourceTree = "<group>";
		};
		BF5DA4D8AAE79D1C03FC9555 /* Frameworks */ = {
			isa = PBXGroup;
			children = (
				5809913904F2AFFD214E11AE /* Pods_SuchAsync.framework */,
			);
			name = Frameworks;
			sourceTree = "<group>";
		};
/* End PBXGroup section */

/* Begin PBXNativeTarget section */
		9F80AE55203C4A62001A0D0D /* SuchAsync */ = {
			isa = PBXNativeTarget;
			buildConfigurationList = 9F80AE68203C4A62001A0D0D /* Build configuration list for PBXNativeTarget "SuchAsync" */;
			buildPhases = (
				E3BF1F2EBA107042EAE7E564 /* [CP] Check Pods Manifest.lock */,
				9F80AE52203C4A62001A0D0D /* Sources */,
				9F80AE53203C4A62001A0D0D /* Frameworks */,
				9F80AE54203C4A62001A0D0D /* Resources */,
				A141AFAEB5981A9B78AD86FF /* [CP] Embed Pods Frameworks */,
				25A10F79045ECDB8C1C38D9F /* [CP] Copy Pods Resources */,
			);
			buildRules = (
			);
			dependencies = (
			);
			name = SuchAsync;
			productName = SuchAsync;
			productReference = 9F80AE56203C4A62001A0D0D /* SuchAsync.app */;
			productType = "com.apple.product-type.application";
		};
/* End PBXNativeTarget section */

/* Begin PBXProject section */
		9F80AE4E203C4A62001A0D0D /* Project object */ = {
			isa = PBXProject;
			attributes = {
				LastSwiftUpdateCheck = 0920;
				LastUpgradeCheck = 0920;
				ORGANIZATIONNAME = Chili;
				TargetAttributes = {
					9F80AE55203C4A62001A0D0D = {
						CreatedOnToolsVersion = 9.2;
						ProvisioningStyle = Automatic;
					};
				};
			};
			buildConfigurationList = 9F80AE51203C4A62001A0D0D /* Build configuration list for PBXProject "SuchAsync" */;
			compatibilityVersion = "Xcode 8.0";
			developmentRegion = en;
			hasScannedForEncodings = 0;
			knownRegions = (
				en,
				Base,
			);
			mainGroup = 9F80AE4D203C4A62001A0D0D;
			productRefGroup = 9F80AE57203C4A62001A0D0D /* Products */;
			projectDirPath = "";
			projectRoot = "";
			targets = (
				9F80AE55203C4A62001A0D0D /* SuchAsync */,
			);
		};
/* End PBXProject section */

/* Begin PBXResourcesBuildPhase section */
		9F80AE54203C4A62001A0D0D /* Resources */ = {
			isa = PBXResourcesBuildPhase;
			buildActionMask = 2147483647;
			files = (
				9F80AE64203C4A62001A0D0D /* LaunchScreen.storyboard in Resources */,
				9F80AE61203C4A62001A0D0D /* Assets.xcassets in Resources */,
			);
			runOnlyForDeploymentPostprocessing = 0;
		};
/* End PBXResourcesBuildPhase section */

/* Begin PBXShellScriptBuildPhase section */
		25A10F79045ECDB8C1C38D9F /* [CP] Copy Pods Resources */ = {
			isa = PBXShellScriptBuildPhase;
			buildActionMask = 2147483647;
			files = (
			);
			inputPaths = (
			);
			name = "[CP] Copy Pods Resources";
			outputPaths = (
			);
			runOnlyForDeploymentPostprocessing = 0;
			shellPath = /bin/sh;
			shellScript = "\"${SRCROOT}/Pods/Target Support Files/Pods-SuchAsync/Pods-SuchAsync-resources.sh\"\n";
			showEnvVarsInLog = 0;
		};
		A141AFAEB5981A9B78AD86FF /* [CP] Embed Pods Frameworks */ = {
			isa = PBXShellScriptBuildPhase;
			buildActionMask = 2147483647;
			files = (
			);
			inputPaths = (
				"${SRCROOT}/Pods/Target Support Files/Pods-SuchAsync/Pods-SuchAsync-frameworks.sh",
				"${BUILT_PRODUCTS_DIR}/BonMot/BonMot.framework",
				"${BUILT_PRODUCTS_DIR}/Device/Device.framework",
				"${BUILT_PRODUCTS_DIR}/PINCache/PINCache.framework",
				"${BUILT_PRODUCTS_DIR}/PINOperation/PINOperation.framework",
				"${BUILT_PRODUCTS_DIR}/PINRemoteImage/PINRemoteImage.framework",
				"${BUILT_PRODUCTS_DIR}/Texture/AsyncDisplayKit.framework",
			);
			name = "[CP] Embed Pods Frameworks";
			outputPaths = (
				"${TARGET_BUILD_DIR}/${FRAMEWORKS_FOLDER_PATH}/BonMot.framework",
				"${TARGET_BUILD_DIR}/${FRAMEWORKS_FOLDER_PATH}/Device.framework",
				"${TARGET_BUILD_DIR}/${FRAMEWORKS_FOLDER_PATH}/PINCache.framework",
				"${TARGET_BUILD_DIR}/${FRAMEWORKS_FOLDER_PATH}/PINOperation.framework",
				"${TARGET_BUILD_DIR}/${FRAMEWORKS_FOLDER_PATH}/PINRemoteImage.framework",
				"${TARGET_BUILD_DIR}/${FRAMEWORKS_FOLDER_PATH}/AsyncDisplayKit.framework",
			);
			runOnlyForDeploymentPostprocessing = 0;
			shellPath = /bin/sh;
			shellScript = "\"${SRCROOT}/Pods/Target Support Files/Pods-SuchAsync/Pods-SuchAsync-frameworks.sh\"\n";
			showEnvVarsInLog = 0;
		};
		E3BF1F2EBA107042EAE7E564 /* [CP] Check Pods Manifest.lock */ = {
			isa = PBXShellScriptBuildPhase;
			buildActionMask = 2147483647;
			files = (
			);
			inputPaths = (
				"${PODS_PODFILE_DIR_PATH}/Podfile.lock",
				"${PODS_ROOT}/Manifest.lock",
			);
			name = "[CP] Check Pods Manifest.lock";
			outputPaths = (
				"$(DERIVED_FILE_DIR)/Pods-SuchAsync-checkManifestLockResult.txt",
			);
			runOnlyForDeploymentPostprocessing = 0;
			shellPath = /bin/sh;
			shellScript = "diff \"${PODS_PODFILE_DIR_PATH}/Podfile.lock\" \"${PODS_ROOT}/Manifest.lock\" > /dev/null\nif [ $? != 0 ] ; then\n    # print error to STDERR\n    echo \"error: The sandbox is not in sync with the Podfile.lock. Run 'pod install' or update your CocoaPods installation.\" >&2\n    exit 1\nfi\n# This output is used by Xcode 'outputs' to avoid re-running this script phase.\necho \"SUCCESS\" > \"${SCRIPT_OUTPUT_FILE_0}\"\n";
			showEnvVarsInLog = 0;
		};
/* End PBXShellScriptBuildPhase section */

/* Begin PBXSourcesBuildPhase section */
		9F80AE52203C4A62001A0D0D /* Sources */ = {
			isa = PBXSourcesBuildPhase;
			buildActionMask = 2147483647;
			files = (
				9F80AE77203C59B9001A0D0D /* Help.swift in Sources */,
				9F80AE5C203C4A62001A0D0D /* ViewController.swift in Sources */,
				9F80AE6E203C4D6F001A0D0D /* ButtonBarNode.swift in Sources */,
				9FF63435203D5A59005FBCC3 /* FormNode.swift in Sources */,
				9F80AE7C203C5F87001A0D0D /* AnimationVC.swift in Sources */,
				9F80AE5A203C4A62001A0D0D /* AppDelegate.swift in Sources */,
				9F80AE6C203C4CAB001A0D0D /* ViewControllerNode.swift in Sources */,
				9F80AE7E203C5FA1001A0D0D /* AnimationNode.swift in Sources */,
			);
			runOnlyForDeploymentPostprocessing = 0;
		};
/* End PBXSourcesBuildPhase section */

/* Begin PBXVariantGroup section */
		9F80AE62203C4A62001A0D0D /* LaunchScreen.storyboard */ = {
			isa = PBXVariantGroup;
			children = (
				9F80AE63203C4A62001A0D0D /* Base */,
			);
			name = LaunchScreen.storyboard;
			sourceTree = "<group>";
		};
/* End PBXVariantGroup section */

/* Begin XCBuildConfiguration section */
		9F80AE66203C4A62001A0D0D /* Debug */ = {
			isa = XCBuildConfiguration;
			buildSettings = {
				ALWAYS_SEARCH_USER_PATHS = NO;
				CLANG_ANALYZER_NONNULL = YES;
				CLANG_ANALYZER_NUMBER_OBJECT_CONVERSION = YES_AGGRESSIVE;
				CLANG_CXX_LANGUAGE_STANDARD = "gnu++14";
				CLANG_CXX_LIBRARY = "libc++";
				CLANG_ENABLE_MODULES = YES;
				CLANG_ENABLE_OBJC_ARC = YES;
				CLANG_WARN_BLOCK_CAPTURE_AUTORELEASING = YES;
				CLANG_WARN_BOOL_CONVERSION = YES;
				CLANG_WARN_COMMA = YES;
				CLANG_WARN_CONSTANT_CONVERSION = YES;
				CLANG_WARN_DIRECT_OBJC_ISA_USAGE = YES_ERROR;
				CLANG_WARN_DOCUMENTATION_COMMENTS = YES;
				CLANG_WARN_EMPTY_BODY = YES;
				CLANG_WARN_ENUM_CONVERSION = YES;
				CLANG_WARN_INFINITE_RECURSION = YES;
				CLANG_WARN_INT_CONVERSION = YES;
				CLANG_WARN_NON_LITERAL_NULL_CONVERSION = YES;
				CLANG_WARN_OBJC_LITERAL_CONVERSION = YES;
				CLANG_WARN_OBJC_ROOT_CLASS = YES_ERROR;
				CLANG_WARN_RANGE_LOOP_ANALYSIS = YES;
				CLANG_WARN_STRICT_PROTOTYPES = YES;
				CLANG_WARN_SUSPICIOUS_MOVE = YES;
				CLANG_WARN_UNGUARDED_AVAILABILITY = YES_AGGRESSIVE;
				CLANG_WARN_UNREACHABLE_CODE = YES;
				CLANG_WARN__DUPLICATE_METHOD_MATCH = YES;
				CODE_SIGN_IDENTITY = "iPhone Developer";
				COPY_PHASE_STRIP = NO;
				DEBUG_INFORMATION_FORMAT = dwarf;
				ENABLE_STRICT_OBJC_MSGSEND = YES;
				ENABLE_TESTABILITY = YES;
				GCC_C_LANGUAGE_STANDARD = gnu11;
				GCC_DYNAMIC_NO_PIC = NO;
				GCC_NO_COMMON_BLOCKS = YES;
				GCC_OPTIMIZATION_LEVEL = 0;
				GCC_PREPROCESSOR_DEFINITIONS = (
					"DEBUG=1",
					"$(inherited)",
				);
				GCC_WARN_64_TO_32_BIT_CONVERSION = YES;
				GCC_WARN_ABOUT_RETURN_TYPE = YES_ERROR;
				GCC_WARN_UNDECLARED_SELECTOR = YES;
				GCC_WARN_UNINITIALIZED_AUTOS = YES_AGGRESSIVE;
				GCC_WARN_UNUSED_FUNCTION = YES;
				GCC_WARN_UNUSED_VARIABLE = YES;
				IPHONEOS_DEPLOYMENT_TARGET = 11.2;
				MTL_ENABLE_DEBUG_INFO = YES;
				ONLY_ACTIVE_ARCH = YES;
				SDKROOT = iphoneos;
				SWIFT_ACTIVE_COMPILATION_CONDITIONS = DEBUG;
				SWIFT_OPTIMIZATION_LEVEL = "-Onone";
			};
			name = Debug;
		};
		9F80AE67203C4A62001A0D0D /* Release */ = {
			isa = XCBuildConfiguration;
			buildSettings = {
				ALWAYS_SEARCH_USER_PATHS = NO;
				CLANG_ANALYZER_NONNULL = YES;
				CLANG_ANALYZER_NUMBER_OBJECT_CONVERSION = YES_AGGRESSIVE;
				CLANG_CXX_LANGUAGE_STANDARD = "gnu++14";
				CLANG_CXX_LIBRARY = "libc++";
				CLANG_ENABLE_MODULES = YES;
				CLANG_ENABLE_OBJC_ARC = YES;
				CLANG_WARN_BLOCK_CAPTURE_AUTORELEASING = YES;
				CLANG_WARN_BOOL_CONVERSION = YES;
				CLANG_WARN_COMMA = YES;
				CLANG_WARN_CONSTANT_CONVERSION = YES;
				CLANG_WARN_DIRECT_OBJC_ISA_USAGE = YES_ERROR;
				CLANG_WARN_DOCUMENTATION_COMMENTS = YES;
				CLANG_WARN_EMPTY_BODY = YES;
				CLANG_WARN_ENUM_CONVERSION = YES;
				CLANG_WARN_INFINITE_RECURSION = YES;
				CLANG_WARN_INT_CONVERSION = YES;
				CLANG_WARN_NON_LITERAL_NULL_CONVERSION = YES;
				CLANG_WARN_OBJC_LITERAL_CONVERSION = YES;
				CLANG_WARN_OBJC_ROOT_CLASS = YES_ERROR;
				CLANG_WARN_RANGE_LOOP_ANALYSIS = YES;
				CLANG_WARN_STRICT_PROTOTYPES = YES;
				CLANG_WARN_SUSPICIOUS_MOVE = YES;
				CLANG_WARN_UNGUARDED_AVAILABILITY = YES_AGGRESSIVE;
				CLANG_WARN_UNREACHABLE_CODE = YES;
				CLANG_WARN__DUPLICATE_METHOD_MATCH = YES;
				CODE_SIGN_IDENTITY = "iPhone Developer";
				COPY_PHASE_STRIP = NO;
				DEBUG_INFORMATION_FORMAT = "dwarf-with-dsym";
				ENABLE_NS_ASSERTIONS = NO;
				ENABLE_STRICT_OBJC_MSGSEND = YES;
				GCC_C_LANGUAGE_STANDARD = gnu11;
				GCC_NO_COMMON_BLOCKS = YES;
				GCC_WARN_64_TO_32_BIT_CONVERSION = YES;
				GCC_WARN_ABOUT_RETURN_TYPE = YES_ERROR;
				GCC_WARN_UNDECLARED_SELECTOR = YES;
				GCC_WARN_UNINITIALIZED_AUTOS = YES_AGGRESSIVE;
				GCC_WARN_UNUSED_FUNCTION = YES;
				GCC_WARN_UNUSED_VARIABLE = YES;
				IPHONEOS_DEPLOYMENT_TARGET = 11.2;
				MTL_ENABLE_DEBUG_INFO = NO;
				SDKROOT = iphoneos;
				SWIFT_OPTIMIZATION_LEVEL = "-Owholemodule";
				VALIDATE_PRODUCT = YES;
			};
			name = Release;
		};
		9F80AE69203C4A62001A0D0D /* Debug */ = {
			isa = XCBuildConfiguration;
			baseConfigurationReference = 809A2F1D42C3D141456E239E /* Pods-SuchAsync.debug.xcconfig */;
			buildSettings = {
				ASSETCATALOG_COMPILER_APPICON_NAME = AppIcon;
				CODE_SIGN_STYLE = Automatic;
				DEVELOPMENT_TEAM = 4J5NY3YD66;
				INFOPLIST_FILE = SuchAsync/Info.plist;
				LD_RUNPATH_SEARCH_PATHS = "$(inherited) @executable_path/Frameworks";
				PRODUCT_BUNDLE_IDENTIFIER = lv.chi.SuchAsync;
				PRODUCT_NAME = "$(TARGET_NAME)";
				SWIFT_VERSION = 4.0;
				TARGETED_DEVICE_FAMILY = "1,2";
			};
			name = Debug;
		};
		9F80AE6A203C4A62001A0D0D /* Release */ = {
			isa = XCBuildConfiguration;
			baseConfigurationReference = 9091EEDE5A19F04C4A5084C5 /* Pods-SuchAsync.release.xcconfig */;
			buildSettings = {
				ASSETCATALOG_COMPILER_APPICON_NAME = AppIcon;
				CODE_SIGN_STYLE = Automatic;
				DEVELOPMENT_TEAM = 4J5NY3YD66;
				INFOPLIST_FILE = SuchAsync/Info.plist;
				LD_RUNPATH_SEARCH_PATHS = "$(inherited) @executable_path/Frameworks";
				PRODUCT_BUNDLE_IDENTIFIER = lv.chi.SuchAsync;
				PRODUCT_NAME = "$(TARGET_NAME)";
				SWIFT_VERSION = 4.0;
				TARGETED_DEVICE_FAMILY = "1,2";
			};
			name = Release;
		};
/* End XCBuildConfiguration section */

/* Begin XCConfigurationList section */
		9F80AE51203C4A62001A0D0D /* Build configuration list for PBXProject "SuchAsync" */ = {
			isa = XCConfigurationList;
			buildConfigurations = (
				9F80AE66203C4A62001A0D0D /* Debug */,
				9F80AE67203C4A62001A0D0D /* Release */,
			);
			defaultConfigurationIsVisible = 0;
			defaultConfigurationName = Release;
		};
		9F80AE68203C4A62001A0D0D /* Build configuration list for PBXNativeTarget "SuchAsync" */ = {
			isa = XCConfigurationList;
			buildConfigurations = (
				9F80AE69203C4A62001A0D0D /* Debug */,
				9F80AE6A203C4A62001A0D0D /* Release */,
			);
			defaultConfigurationIsVisible = 0;
			defaultConfigurationName = Release;
		};
/* End XCConfigurationList section */
	};
	rootObject = 9F80AE4E203C4A62001A0D0D /* Project object */;
}
